
Microsoft Visual Studio Solution File, Format Version 12.00
# Visual Studio 15
VisualStudioVersion = 15.0.27428.2005
MinimumVisualStudioVersion = 10.0.40219.1
Project("{FAE04EC0-301F-11D3-BF4B-00C04F79EFBC}") = "Kinest", "Kinest\Kinest.csproj", "{334023C6-B4BE-4A26-AD73-617A339A2D51}"
EndProject
Project("{FAE04EC0-301F-11D3-BF4B-00C04F79EFBC}") = "KinestOps", "KinestOps\KinestOps.csproj", "{43F4D989-4F97-4872-BF3D-E688C8A2B36F}"
EndProject
Project("{FAE04EC0-301F-11D3-BF4B-00C04F79EFBC}") = "KinestFactory", "KinestFactory\KinestFactory.csproj", "{6320B9D9-0D2D-4A61-8C35-3347B84C113D}"
EndProject
Project("{FAE04EC0-301F-11D3-BF4B-00C04F79EFBC}") = "KinestInterfaces", "KinestInterfaces\KinestInterfaces.csproj", "{A44A4222-ED6A-41FC-AAE2-18F52B564D35}"
EndProject
Global
	GlobalSection(SolutionConfigurationPlatforms) = preSolution
		Debug|Any CPU = Debug|Any CPU
		Release|Any CPU = Release|Any CPU
	EndGlobalSection
	GlobalSection(ProjectConfigurationPlatforms) = postSolution
		{334023C6-B4BE-4A26-AD73-617A339A2D51}.Debug|Any CPU.ActiveCfg = Debug|Any CPU
		{334023C6-B4BE-4A26-AD73-617A339A2D51}.Debug|Any CPU.Build.0 = Debug|Any CPU
		{334023C6-B4BE-4A26-AD73-617A339A2D51}.Release|Any CPU.ActiveCfg = Release|Any CPU
		{334023C6-B4BE-4A26-AD73-617A339A2D51}.Release|Any CPU.Build.0 = Release|Any CPU
		{43F4D989-4F97-4872-BF3D-E688C8A2B36F}.Debug|Any CPU.ActiveCfg = Debug|Any CPU
		{43F4D989-4F97-4872-BF3D-E688C8A2B36F}.Debug|Any CPU.Build.0 = Debug|Any CPU
		{43F4D989-4F97-4872-BF3D-E688C8A2B36F}.Release|Any CPU.ActiveCfg = Release|Any CPU
		{43F4D989-4F97-4872-BF3D-E688C8A2B36F}.Release|Any CPU.Build.0 = Release|Any CPU
		{6320B9D9-0D2D-4A61-8C35-3347B84C113D}.Debug|Any CPU.ActiveCfg = Debug|Any CPU
		{6320B9D9-0D2D-4A61-8C35-3347B84C113D}.Debug|Any CPU.Build.0 = Debug|Any CPU
		{6320B9D9-0D2D-4A61-8C35-3347B84C113D}.Release|Any CPU.ActiveCfg = Release|Any CPU
		{6320B9D9-0D2D-4A61-8C35-3347B84C113D}.Release|Any CPU.Build.0 = Release|Any CPU
		{A44A4222-ED6A-41FC-AAE2-18F52B564D35}.Debug|Any CPU.ActiveCfg = Debug|Any CPU
		{A44A4222-ED6A-41FC-AAE2-18F52B564D35}.Debug|Any CPU.Build.0 = Debug|Any CPU
		{A44A4222-ED6A-41FC-AAE2-18F52B564D35}.Release|Any CPU.ActiveCfg = Release|Any CPU
		{A44A4222-ED6A-41FC-AAE2-18F52B564D35}.Release|Any CPU.Build.0 = Release|Any CPU
	EndGlobalSection
	GlobalSection(SolutionProperties) = preSolution
		HideSolutionNode = FALSE
	EndGlobalSection
	GlobalSection(ExtensibilityGlobals) = postSolution
		SolutionGuid = {5F2D3206-EF66-40BA-B663-3A5E2BBFC983}
	EndGlobalSection
EndGlobal
